
Microsoft Visual Studio Solution File, Format Version 12.00
# Visual Studio Version 16
VisualStudioVersion = 16.0.29519.181
MinimumVisualStudioVersion = 10.0.40219.1
Project("{FAE04EC0-301F-11D3-BF4B-00C04F79EFBC}") = "HelloHeroku", "HelloHeroku\HelloHeroku.csproj", "{66432A8C-951A-4998-A997-01B3F5D844D9}"
EndProject
Global
	GlobalSection(SolutionConfigurationPlatforms) = preSolution
		Debug|Any CPU = Debug|Any CPU
		Release|Any CPU = Release|Any CPU
	EndGlobalSection
	GlobalSection(ProjectConfigurationPlatforms) = postSolution
		{66432A8C-951A-4998-A997-01B3F5D844D9}.Debug|Any CPU.ActiveCfg = Debug|Any CPU
		{66432A8C-951A-4998-A997-01B3F5D844D9}.Debug|Any CPU.Build.0 = Debug|Any CPU
		{66432A8C-951A-4998-A997-01B3F5D844D9}.Release|Any CPU.ActiveCfg = Release|Any CPU
		{66432A8C-951A-4998-A997-01B3F5D844D9}.Release|Any CPU.Build.0 = Release|Any CPU
	EndGlobalSection
	GlobalSection(SolutionProperties) = preSolution
		HideSolutionNode = FALSE
	EndGlobalSection
	GlobalSection(ExtensibilityGlobals) = postSolution
		SolutionGuid = {94B35A76-302B-47B0-B7FD-9F737266C6F2}
	EndGlobalSection
EndGlobal
